
Microsoft Visual Studio Solution File, Format Version 12.00
# Visual Studio 15
VisualStudioVersion = 15.0.28010.2050
MinimumVisualStudioVersion = 10.0.40219.1
Project("{FAE04EC0-301F-11D3-BF4B-00C04F79EFBC}") = "WebApplication1", "WebApplication1.csproj", "{8DD8F8C9-E877-4681-B66B-0F7457411B75}"
EndProject
Global
	GlobalSection(SolutionConfigurationPlatforms) = preSolution
		Debug|Any CPU = Debug|Any CPU
		Release|Any CPU = Release|Any CPU
	EndGlobalSection
	GlobalSection(ProjectConfigurationPlatforms) = postSolution
		{8DD8F8C9-E877-4681-B66B-0F7457411B75}.Debug|Any CPU.ActiveCfg = Debug|Any CPU
		{8DD8F8C9-E877-4681-B66B-0F7457411B75}.Debug|Any CPU.Build.0 = Debug|Any CPU
		{8DD8F8C9-E877-4681-B66B-0F7457411B75}.Release|Any CPU.ActiveCfg = Release|Any CPU
		{8DD8F8C9-E877-4681-B66B-0F7457411B75}.Release|Any CPU.Build.0 = Release|Any CPU
	EndGlobalSection
	GlobalSection(SolutionProperties) = preSolution
		HideSolutionNode = FALSE
	EndGlobalSection
	GlobalSection(ExtensibilityGlobals) = postSolution
		SolutionGuid = {C3970F97-5AF5-43A1-AF68-964EF9AF9DB2}
	EndGlobalSection
EndGlobal
